
Microsoft Visual Studio Solution File, Format Version 12.00
# Visual Studio 15
VisualStudioVersion = 15.0.26124.0
MinimumVisualStudioVersion = 15.0.26124.0
Project("{FAE04EC0-301F-11D3-BF4B-00C04F79EFBC}") = "MissingPeople.Api", "MissingPeople.Api\MissingPeople.Api.csproj", "{4EF646FA-3194-4C21-AE15-843319354DE4}"
EndProject
Project("{FAE04EC0-301F-11D3-BF4B-00C04F79EFBC}") = "MissingPeople.Core", "MissingPeople.Core\MissingPeople.Core.csproj", "{9A9CA1DA-C09C-4D83-9288-32D67EF276E0}"
EndProject
Project("{FAE04EC0-301F-11D3-BF4B-00C04F79EFBC}") = "MissingPeople.Infrastructure", "MissingPeople.Infrastructure\MissingPeople.Infrastructure.csproj", "{B5C1D4F9-995A-4F26-92F3-4CE50EE80CDC}"
EndProject
Global
	GlobalSection(SolutionConfigurationPlatforms) = preSolution
		Debug|Any CPU = Debug|Any CPU
		Debug|x64 = Debug|x64
		Debug|x86 = Debug|x86
		Release|Any CPU = Release|Any CPU
		Release|x64 = Release|x64
		Release|x86 = Release|x86
	EndGlobalSection
	GlobalSection(SolutionProperties) = preSolution
		HideSolutionNode = FALSE
	EndGlobalSection
	GlobalSection(ProjectConfigurationPlatforms) = postSolution
		{4EF646FA-3194-4C21-AE15-843319354DE4}.Debug|Any CPU.ActiveCfg = Debug|Any CPU
		{4EF646FA-3194-4C21-AE15-843319354DE4}.Debug|Any CPU.Build.0 = Debug|Any CPU
		{4EF646FA-3194-4C21-AE15-843319354DE4}.Debug|x64.ActiveCfg = Debug|Any CPU
		{4EF646FA-3194-4C21-AE15-843319354DE4}.Debug|x64.Build.0 = Debug|Any CPU
		{4EF646FA-3194-4C21-AE15-843319354DE4}.Debug|x86.ActiveCfg = Debug|Any CPU
		{4EF646FA-3194-4C21-AE15-843319354DE4}.Debug|x86.Build.0 = Debug|Any CPU
		{4EF646FA-3194-4C21-AE15-843319354DE4}.Release|Any CPU.ActiveCfg = Release|Any CPU
		{4EF646FA-3194-4C21-AE15-843319354DE4}.Release|Any CPU.Build.0 = Release|Any CPU
		{4EF646FA-3194-4C21-AE15-843319354DE4}.Release|x64.ActiveCfg = Release|Any CPU
		{4EF646FA-3194-4C21-AE15-843319354DE4}.Release|x64.Build.0 = Release|Any CPU
		{4EF646FA-3194-4C21-AE15-843319354DE4}.Release|x86.ActiveCfg = Release|Any CPU
		{4EF646FA-3194-4C21-AE15-843319354DE4}.Release|x86.Build.0 = Release|Any CPU
		{9A9CA1DA-C09C-4D83-9288-32D67EF276E0}.Debug|Any CPU.ActiveCfg = Debug|Any CPU
		{9A9CA1DA-C09C-4D83-9288-32D67EF276E0}.Debug|Any CPU.Build.0 = Debug|Any CPU
		{9A9CA1DA-C09C-4D83-9288-32D67EF276E0}.Debug|x64.ActiveCfg = Debug|Any CPU
		{9A9CA1DA-C09C-4D83-9288-32D67EF276E0}.Debug|x64.Build.0 = Debug|Any CPU
		{9A9CA1DA-C09C-4D83-9288-32D67EF276E0}.Debug|x86.ActiveCfg = Debug|Any CPU
		{9A9CA1DA-C09C-4D83-9288-32D67EF276E0}.Debug|x86.Build.0 = Debug|Any CPU
		{9A9CA1DA-C09C-4D83-9288-32D67EF276E0}.Release|Any CPU.ActiveCfg = Release|Any CPU
		{9A9CA1DA-C09C-4D83-9288-32D67EF276E0}.Release|Any CPU.Build.0 = Release|Any CPU
		{9A9CA1DA-C09C-4D83-9288-32D67EF276E0}.Release|x64.ActiveCfg = Release|Any CPU
		{9A9CA1DA-C09C-4D83-9288-32D67EF276E0}.Release|x64.Build.0 = Release|Any CPU
		{9A9CA1DA-C09C-4D83-9288-32D67EF276E0}.Release|x86.ActiveCfg = Release|Any CPU
		{9A9CA1DA-C09C-4D83-9288-32D67EF276E0}.Release|x86.Build.0 = Release|Any CPU
		{B5C1D4F9-995A-4F26-92F3-4CE50EE80CDC}.Debug|Any CPU.ActiveCfg = Debug|Any CPU
		{B5C1D4F9-995A-4F26-92F3-4CE50EE80CDC}.Debug|Any CPU.Build.0 = Debug|Any CPU
		{B5C1D4F9-995A-4F26-92F3-4CE50EE80CDC}.Debug|x64.ActiveCfg = Debug|Any CPU
		{B5C1D4F9-995A-4F26-92F3-4CE50EE80CDC}.Debug|x64.Build.0 = Debug|Any CPU
		{B5C1D4F9-995A-4F26-92F3-4CE50EE80CDC}.Debug|x86.ActiveCfg = Debug|Any CPU
		{B5C1D4F9-995A-4F26-92F3-4CE50EE80CDC}.Debug|x86.Build.0 = Debug|Any CPU
		{B5C1D4F9-995A-4F26-92F3-4CE50EE80CDC}.Release|Any CPU.ActiveCfg = Release|Any CPU
		{B5C1D4F9-995A-4F26-92F3-4CE50EE80CDC}.Release|Any CPU.Build.0 = Release|Any CPU
		{B5C1D4F9-995A-4F26-92F3-4CE50EE80CDC}.Release|x64.ActiveCfg = Release|Any CPU
		{B5C1D4F9-995A-4F26-92F3-4CE50EE80CDC}.Release|x64.Build.0 = Release|Any CPU
		{B5C1D4F9-995A-4F26-92F3-4CE50EE80CDC}.Release|x86.ActiveCfg = Release|Any CPU
		{B5C1D4F9-995A-4F26-92F3-4CE50EE80CDC}.Release|x86.Build.0 = Release|Any CPU
	EndGlobalSection
EndGlobal
